{
  "version": "5",
  "specifiers": {
    "jsr:@dreamer/test@^1.0.0-beta.4": "1.0.0-beta.4"
  },
  "jsr": {
    "@dreamer/test@1.0.0-beta.4": {
      "integrity": "da11bba0bac8f825e93249ef7a660fed932f8ae4440dffae7d1fb2f45fa1631a"
    }
  },
  "workspace": {
    "dependencies": [
      "jsr:@dreamer/test@^1.0.0-beta.4"
    ],
    "packageJson": {
      "dependencies": [
        "npm:@jsr/dreamer__test@^1.0.0-beta.4"
      ]
    }
  }
}
